
Microsoft Visual Studio Solution File, Format Version 12.00
# Visual Studio Version 17
VisualStudioVersion = 17.0.31903.59
MinimumVisualStudioVersion = 10.0.40219.1
Project("{FAE04EC0-301F-11D3-BF4B-00C04F79EFBC}") = "IntCollections", "IntCollections\IntCollections.csproj", "{AC5917A0-D4C8-412D-B538-2FA00651CC2A}"
EndProject
Project("{FAE04EC0-301F-11D3-BF4B-00C04F79EFBC}") = "EqualPlayer", "EqualPlayer\EqualPlayer.csproj", "{E5F2802E-45DE-4655-8B3B-45CBA3811B63}"
EndProject
Project("{FAE04EC0-301F-11D3-BF4B-00C04F79EFBC}") = "FilePower1", "FilePower1\FilePower1.csproj", "{A6613661-21F7-4258-9FEE-E393D2E864E4}"
EndProject
Project("{FAE04EC0-301F-11D3-BF4B-00C04F79EFBC}") = "FilePower2", "FilePower2\FilePower2.csproj", "{1CC61B80-5C0E-4374-8046-5D7995BE66EA}"
EndProject
Global
	GlobalSection(SolutionConfigurationPlatforms) = preSolution
		Debug|Any CPU = Debug|Any CPU
		Release|Any CPU = Release|Any CPU
	EndGlobalSection
	GlobalSection(SolutionProperties) = preSolution
		HideSolutionNode = FALSE
	EndGlobalSection
	GlobalSection(ProjectConfigurationPlatforms) = postSolution
		{AC5917A0-D4C8-412D-B538-2FA00651CC2A}.Debug|Any CPU.ActiveCfg = Debug|Any CPU
		{AC5917A0-D4C8-412D-B538-2FA00651CC2A}.Debug|Any CPU.Build.0 = Debug|Any CPU
		{AC5917A0-D4C8-412D-B538-2FA00651CC2A}.Release|Any CPU.ActiveCfg = Release|Any CPU
		{AC5917A0-D4C8-412D-B538-2FA00651CC2A}.Release|Any CPU.Build.0 = Release|Any CPU
		{E5F2802E-45DE-4655-8B3B-45CBA3811B63}.Debug|Any CPU.ActiveCfg = Debug|Any CPU
		{E5F2802E-45DE-4655-8B3B-45CBA3811B63}.Debug|Any CPU.Build.0 = Debug|Any CPU
		{E5F2802E-45DE-4655-8B3B-45CBA3811B63}.Release|Any CPU.ActiveCfg = Release|Any CPU
		{E5F2802E-45DE-4655-8B3B-45CBA3811B63}.Release|Any CPU.Build.0 = Release|Any CPU
		{A6613661-21F7-4258-9FEE-E393D2E864E4}.Debug|Any CPU.ActiveCfg = Debug|Any CPU
		{A6613661-21F7-4258-9FEE-E393D2E864E4}.Debug|Any CPU.Build.0 = Debug|Any CPU
		{A6613661-21F7-4258-9FEE-E393D2E864E4}.Release|Any CPU.ActiveCfg = Release|Any CPU
		{A6613661-21F7-4258-9FEE-E393D2E864E4}.Release|Any CPU.Build.0 = Release|Any CPU
		{1CC61B80-5C0E-4374-8046-5D7995BE66EA}.Debug|Any CPU.ActiveCfg = Debug|Any CPU
		{1CC61B80-5C0E-4374-8046-5D7995BE66EA}.Debug|Any CPU.Build.0 = Debug|Any CPU
		{1CC61B80-5C0E-4374-8046-5D7995BE66EA}.Release|Any CPU.ActiveCfg = Release|Any CPU
		{1CC61B80-5C0E-4374-8046-5D7995BE66EA}.Release|Any CPU.Build.0 = Release|Any CPU
	EndGlobalSection
EndGlobal
